
Microsoft Visual Studio Solution File, Format Version 12.00
# Visual Studio Version 17
VisualStudioVersion = 17.0.31903.59
MinimumVisualStudioVersion = 10.0.40219.1
Project("{2150E333-8FDC-42A3-9474-1A3956D46DE8}") = "Web", "Web", "{570F63D9-1215-4B4D-B891-146267B1D95C}"
EndProject
Project("{FAE04EC0-301F-11D3-BF4B-00C04F79EFBC}") = "RifleAssembly.Authentication.Web", "Web\RifleAssembly.Authentication.Web\RifleAssembly.Authentication.Web.csproj", "{A2A29A9E-013C-4476-87B7-0F5567F39672}"
EndProject
Project("{2150E333-8FDC-42A3-9474-1A3956D46DE8}") = "KeyGeneration", "KeyGeneration", "{F27E7F73-7388-44CC-B8B6-072A15F34146}"
EndProject
Project("{FAE04EC0-301F-11D3-BF4B-00C04F79EFBC}") = "RifleAssembly.Authentication.KeyGeneration", "KeyGeneration\RifleAssembly.Authentication.KeyGeneration\RifleAssembly.Authentication.KeyGeneration.csproj", "{48734804-4229-485F-8644-C7FC2120E8CA}"
EndProject
Global
	GlobalSection(SolutionConfigurationPlatforms) = preSolution
		Debug|Any CPU = Debug|Any CPU
		Release|Any CPU = Release|Any CPU
	EndGlobalSection
	GlobalSection(ProjectConfigurationPlatforms) = postSolution
		{A2A29A9E-013C-4476-87B7-0F5567F39672}.Debug|Any CPU.ActiveCfg = Debug|Any CPU
		{A2A29A9E-013C-4476-87B7-0F5567F39672}.Debug|Any CPU.Build.0 = Debug|Any CPU
		{A2A29A9E-013C-4476-87B7-0F5567F39672}.Release|Any CPU.ActiveCfg = Release|Any CPU
		{A2A29A9E-013C-4476-87B7-0F5567F39672}.Release|Any CPU.Build.0 = Release|Any CPU
		{48734804-4229-485F-8644-C7FC2120E8CA}.Debug|Any CPU.ActiveCfg = Debug|Any CPU
		{48734804-4229-485F-8644-C7FC2120E8CA}.Debug|Any CPU.Build.0 = Debug|Any CPU
		{48734804-4229-485F-8644-C7FC2120E8CA}.Release|Any CPU.ActiveCfg = Release|Any CPU
		{48734804-4229-485F-8644-C7FC2120E8CA}.Release|Any CPU.Build.0 = Release|Any CPU
	EndGlobalSection
	GlobalSection(SolutionProperties) = preSolution
		HideSolutionNode = FALSE
	EndGlobalSection
	GlobalSection(NestedProjects) = preSolution
		{A2A29A9E-013C-4476-87B7-0F5567F39672} = {570F63D9-1215-4B4D-B891-146267B1D95C}
		{48734804-4229-485F-8644-C7FC2120E8CA} = {F27E7F73-7388-44CC-B8B6-072A15F34146}
	EndGlobalSection
EndGlobal
